// !$*UTF8*$!
{
	archiveVersion = 1;
	classes = {
	};
	objectVersion = 56;
	objects = {

/* Begin PBXBuildFile section */
		BCCBE5D2298664F60060BE87 /* AppDelegate.swift in Sources */ = {isa = PBXBuildFile; fileRef = BCCBE5D1298664F60060BE87 /* AppDelegate.swift */; };
		BCCBE5D4298664F60060BE87 /* SceneDelegate.swift in Sources */ = {isa = PBXBuildFile; fileRef = BCCBE5D3298664F60060BE87 /* SceneDelegate.swift */; };
		BCCBE5D6298664F60060BE87 /* ViewController.swift in Sources */ = {isa = PBXBuildFile; fileRef = BCCBE5D5298664F60060BE87 /* ViewController.swift */; };
		BCCBE5D9298664F60060BE87 /* Main.storyboard in Resources */ = {isa = PBXBuildFile; fileRef = BCCBE5D7298664F60060BE87 /* Main.storyboard */; };
		BCCBE5DB298664F70060BE87 /* Assets.xcassets in Resources */ = {isa = PBXBuildFile; fileRef = BCCBE5DA298664F70060BE87 /* Assets.xcassets */; };
		BCCBE5DE298664F70060BE87 /* LaunchScreen.storyboard in Resources */ = {isa = PBXBuildFile; fileRef = BCCBE5DC298664F70060BE87 /* LaunchScreen.storyboard */; };
		BCCBE5E9298664F70060BE87 /* SwiftStoryboardTests.swift in Sources */ = {isa = PBXBuildFile; fileRef = BCCBE5E8298664F70060BE87 /* SwiftStoryboardTests.swift */; };
		BCCBE5F3298664F70060BE87 /* SwiftStoryboardUITests.swift in Sources */ = {isa = PBXBuildFile; fileRef = BCCBE5F2298664F70060BE87 /* SwiftStoryboardUITests.swift */; };
		BCCBE5F5298664F70060BE87 /* SwiftStoryboardUITestsLaunchTests.swift in Sources */ = {isa = PBXBuildFile; fileRef = BCCBE5F4298664F70060BE87 /* SwiftStoryboardUITestsLaunchTests.swift */; };
/* End PBXBuildFile section */

/* Begin PBXContainerItemProxy section */
		BCCBE5E5298664F70060BE87 /* PBXContainerItemProxy */ = {
			isa = PBXContainerItemProxy;
			containerPortal = BCCBE5C6298664F60060BE87 /* Project object */;
			proxyType = 1;
			remoteGlobalIDString = BCCBE5CD298664F60060BE87;
			remoteInfo = SwiftStoryboard;
		};
		BCCBE5EF298664F70060BE87 /* PBXContainerItemProxy */ = {
			isa = PBXContainerItemProxy;
			containerPortal = BCCBE5C6298664F60060BE87 /* Project object */;
			proxyType = 1;
			remoteGlobalIDString = BCCBE5CD298664F60060BE87;
			remoteInfo = SwiftStoryboard;
		};
/* End PBXContainerItemProxy section */

/* Begin PBXFileReference section */
		BCCBE5CE298664F60060BE87 /* SwiftStoryboard.app */ = {isa = PBXFileReference; explicitFileType = wrapper.application; includeInIndex = 0; path = SwiftStoryboard.app; sourceTree = BUILT_PRODUCTS_DIR; };
		BCCBE5D1298664F60060BE87 /* AppDelegate.swift */ = {isa = PBXFileReference; lastKnownFileType = sourcecode.swift; path = AppDelegate.swift; sourceTree = "<group>"; };
		BCCBE5D3298664F60060BE87 /* SceneDelegate.swift */ = {isa = PBXFileReference; lastKnownFileType = sourcecode.swift; path = SceneDelegate.swift; sourceTree = "<group>"; };
		BCCBE5D5298664F60060BE87 /* ViewController.swift */ = {isa = PBXFileReference; lastKnownFileType = sourcecode.swift; path = ViewController.swift; sourceTree = "<group>"; };
		BCCBE5D8298664F60060BE87 /* Base */ = {isa = PBXFileReference; lastKnownFileType = file.storyboard; name = Base; path = Base.lproj/Main.storyboard; sourceTree = "<group>"; };
		BCCBE5DA298664F70060BE87 /* Assets.xcassets */ = {isa = PBXFileReference; lastKnownFileType = folder.assetcatalog; path = Assets.xcassets; sourceTree = "<group>"; };
		BCCBE5DD298664F70060BE87 /* Base */ = {isa = PBXFileReference; lastKnownFileType = file.storyboard; name = Base; path = Base.lproj/LaunchScreen.storyboard; sourceTree = "<group>"; };
		BCCBE5DF298664F70060BE87 /* Info.plist */ = {isa = PBXFileReference; lastKnownFileType = text.plist.xml; path = Info.plist; sourceTree = "<group>"; };
		BCCBE5E4298664F70060BE87 /* SwiftStoryboardTests.xctest */ = {isa = PBXFileReference; explicitFileType = wrapper.cfbundle; includeInIndex = 0; path = SwiftStoryboardTests.xctest; sourceTree = BUILT_PRODUCTS_DIR; };
		BCCBE5E8298664F70060BE87 /* SwiftStoryboardTests.swift */ = {isa = PBXFileReference; lastKnownFileType = sourcecode.swift; path = SwiftStoryboardTests.swift; sourceTree = "<group>"; };
		BCCBE5EE298664F70060BE87 /* SwiftStoryboardUITests.xctest */ = {isa = PBXFileReference; explicitFileType = wrapper.cfbundle; includeInIndex = 0; path = SwiftStoryboardUITests.xctest; sourceTree = BUILT_PRODUCTS_DIR; };
		BCCBE5F2298664F70060BE87 /* SwiftStoryboardUITests.swift */ = {isa = PBXFileReference; lastKnownFileType = sourcecode.swift; path = SwiftStoryboardUITests.swift; sourceTree = "<group>"; };
		BCCBE5F4298664F70060BE87 /* SwiftStoryboardUITestsLaunchTests.swift */ = {isa = PBXFileReference; lastKnownFileType = sourcecode.swift; path = SwiftStoryboardUITestsLaunchTests.swift; sourceTree = "<group>"; };
/* End PBXFileReference section */

/* Begin PBXFrameworksBuildPhase section */
		BCCBE5CB298664F60060BE87 /* Frameworks */ = {
			isa = PBXFrameworksBuildPhase;
			buildActionMask = 2147483647;
			files = (
			);
			runOnlyForDeploymentPostprocessing = 0;
		};
		BCCBE5E1298664F70060BE87 /* Frameworks */ = {
			isa = PBXFrameworksBuildPhase;
			buildActionMask = 2147483647;
			files = (
			);
			runOnlyForDeploymentPostprocessing = 0;
		};
		BCCBE5EB298664F70060BE87 /* Frameworks */ = {
			isa = PBXFrameworksBuildPhase;
			buildActionMask = 2147483647;
			files = (
			);
			runOnlyForDeploymentPostprocessing = 0;
		};
/* End PBXFrameworksBuildPhase section */

/* Begin PBXGroup section */
		BCCBE5C5298664F60060BE87 = {
			isa = PBXGroup;
			children = (
				BCCBE5D0298664F60060BE87 /* SwiftStoryboard */,
				BCCBE5E7298664F70060BE87 /* SwiftStoryboardTests */,
				BCCBE5F1298664F70060BE87 /* SwiftStoryboardUITests */,
				BCCBE5CF298664F60060BE87 /* Products */,
			);
			sourceTree = "<group>";
		};
		BCCBE5CF298664F60060BE87 /* Products */ = {
			isa = PBXGroup;
			children = (
				BCCBE5CE298664F60060BE87 /* SwiftStoryboard.app */,
				BCCBE5E4298664F70060BE87 /* SwiftStoryboardTests.xctest */,
				BCCBE5EE298664F70060BE87 /* SwiftStoryboardUITests.xctest */,
			);
			name = Products;
			sourceTree = "<group>";
		};
		BCCBE5D0298664F60060BE87 /* SwiftStoryboard */ = {
			isa = PBXGroup;
			children = (
				BCCBE5D1298664F60060BE87 /* AppDelegate.swift */,
				BCCBE5D3298664F60060BE87 /* SceneDelegate.swift */,
				BCCBE5D5298664F60060BE87 /* ViewController.swift */,
				BCCBE5D7298664F60060BE87 /* Main.storyboard */,
				BCCBE5DA298664F70060BE87 /* Assets.xcassets */,
				BCCBE5DC298664F70060BE87 /* LaunchScreen.storyboard */,
				BCCBE5DF298664F70060BE87 /* Info.plist */,
			);
			path = SwiftStoryboard;
			sourceTree = "<group>";
		};
		BCCBE5E7298664F70060BE87 /* SwiftStoryboardTests */ = {
			isa = PBXGroup;
			children = (
				BCCBE5E8298664F70060BE87 /* SwiftStoryboardTests.swift */,
			);
			path = SwiftStoryboardTests;
			sourceTree = "<group>";
		};
		BCCBE5F1298664F70060BE87 /* SwiftStoryboardUITests */ = {
			isa = PBXGroup;
			children = (
				BCCBE5F2298664F70060BE87 /* SwiftStoryboardUITests.swift */,
				BCCBE5F4298664F70060BE87 /* SwiftStoryboardUITestsLaunchTests.swift */,
			);
			path = SwiftStoryboardUITests;
			sourceTree = "<group>";
		};
/* End PBXGroup section */

/* Begin PBXNativeTarget section */
		BCCBE5CD298664F60060BE87 /* SwiftStoryboard */ = {
			isa = PBXNativeTarget;
			buildConfigurationList = BCCBE5F8298664F70060BE87 /* Build configuration list for PBXNativeTarget "SwiftStoryboard" */;
			buildPhases = (
				BCCBE5CA298664F60060BE87 /* Sources */,
				BCCBE5CB298664F60060BE87 /* Frameworks */,
				BCCBE5CC298664F60060BE87 /* Resources */,
			);
			buildRules = (
			);
			dependencies = (
			);
			name = SwiftStoryboard;
			productName = SwiftStoryboard;
			productReference = BCCBE5CE298664F60060BE87 /* SwiftStoryboard.app */;
			productType = "com.apple.product-type.application";
		};
		BCCBE5E3298664F70060BE87 /* SwiftStoryboardTests */ = {
			isa = PBXNativeTarget;
			buildConfigurationList = BCCBE5FB298664F70060BE87 /* Build configuration list for PBXNativeTarget "SwiftStoryboardTests" */;
			buildPhases = (
				BCCBE5E0298664F70060BE87 /* Sources */,
				BCCBE5E1298664F70060BE87 /* Frameworks */,
				BCCBE5E2298664F70060BE87 /* Resources */,
			);
			buildRules = (
			);
			dependencies = (
				BCCBE5E6298664F70060BE87 /* PBXTargetDependency */,
			);
			name = SwiftStoryboardTests;
			productName = SwiftStoryboardTests;
			productReference = BCCBE5E4298664F70060BE87 /* SwiftStoryboardTests.xctest */;
			productType = "com.apple.product-type.bundle.unit-test";
		};
		BCCBE5ED298664F70060BE87 /* SwiftStoryboardUITests */ = {
			isa = PBXNativeTarget;
			buildConfigurationList = BCCBE5FE298664F70060BE87 /* Build configuration list for PBXNativeTarget "SwiftStoryboardUITests" */;
			buildPhases = (
				BCCBE5EA298664F70060BE87 /* Sources */,
				BCCBE5EB298664F70060BE87 /* Frameworks */,
				BCCBE5EC298664F70060BE87 /* Resources */,
			);
			buildRules = (
			);
			dependencies = (
				BCCBE5F0298664F70060BE87 /* PBXTargetDependency */,
			);
			name = SwiftStoryboardUITests;
			productName = SwiftStoryboardUITests;
			productReference = BCCBE5EE298664F70060BE87 /* SwiftStoryboardUITests.xctest */;
			productType = "com.apple.product-type.bundle.ui-testing";
		};
/* End PBXNativeTarget section */

/* Begin PBXProject section */
		BCCBE5C6298664F60060BE87 /* Project object */ = {
			isa = PBXProject;
			attributes = {
				BuildIndependentTargetsInParallel = 1;
				LastSwiftUpdateCheck = 1420;
				LastUpgradeCheck = 1420;
				TargetAttributes = {
					BCCBE5CD298664F60060BE87 = {
						CreatedOnToolsVersion = 14.2;
					};
					BCCBE5E3298664F70060BE87 = {
						CreatedOnToolsVersion = 14.2;
						TestTargetID = BCCBE5CD298664F60060BE87;
					};
					BCCBE5ED298664F70060BE87 = {
						CreatedOnToolsVersion = 14.2;
						TestTargetID = BCCBE5CD298664F60060BE87;
					};
				};
			};
			buildConfigurationList = BCCBE5C9298664F60060BE87 /* Build configuration list for PBXProject "SwiftStoryboard" */;
			compatibilityVersion = "Xcode 14.0";
			developmentRegion = en;
			hasScannedForEncodings = 0;
			knownRegions = (
				en,
				Base,
			);
			mainGroup = BCCBE5C5298664F60060BE87;
			productRefGroup = BCCBE5CF298664F60060BE87 /* Products */;
			projectDirPath = "";
			projectRoot = "";
			targets = (
				BCCBE5CD298664F60060BE87 /* SwiftStoryboard */,
				BCCBE5E3298664F70060BE87 /* SwiftStoryboardTests */,
				BCCBE5ED298664F70060BE87 /* SwiftStoryboardUITests */,
			);
		};
/* End PBXProject section */

/* Begin PBXResourcesBuildPhase section */
		BCCBE5CC298664F60060BE87 /* Resources */ = {
			isa = PBXResourcesBuildPhase;
			buildActionMask = 2147483647;
			files = (
				BCCBE5DE298664F70060BE87 /* LaunchScreen.storyboard in Resources */,
				BCCBE5DB298664F70060BE87 /* Assets.xcassets in Resources */,
				BCCBE5D9298664F60060BE87 /* Main.storyboard in Resources */,
			);
			runOnlyForDeploymentPostprocessing = 0;
		};
		BCCBE5E2298664F70060BE87 /* Resources */ = {
			isa = PBXResourcesBuildPhase;
			buildActionMask = 2147483647;
			files = (
			);
			runOnlyForDeploymentPostprocessing = 0;
		};
		BCCBE5EC298664F70060BE87 /* Resources */ = {
			isa = PBXResourcesBuildPhase;
			buildActionMask = 2147483647;
			files = (
			);
			runOnlyForDeploymentPostprocessing = 0;
		};
/* End PBXResourcesBuildPhase section */

/* Begin PBXSourcesBuildPhase section */
		BCCBE5CA298664F60060BE87 /* Sources */ = {
			isa = PBXSourcesBuildPhase;
			buildActionMask = 2147483647;
			files = (
				BCCBE5D6298664F60060BE87 /* ViewController.swift in Sources */,
				BCCBE5D2298664F60060BE87 /* AppDelegate.swift in Sources */,
				BCCBE5D4298664F60060BE87 /* SceneDelegate.swift in Sources */,
			);
			runOnlyForDeploymentPostprocessing = 0;
		};
		BCCBE5E0298664F70060BE87 /* Sources */ = {
			isa = PBXSourcesBuildPhase;
			buildActionMask = 2147483647;
			files = (
				BCCBE5E9298664F70060BE87 /* SwiftStoryboardTests.swift in Sources */,
			);
			runOnlyForDeploymentPostprocessing = 0;
		};
		BCCBE5EA298664F70060BE87 /* Sources */ = {
			isa = PBXSourcesBuildPhase;
			buildActionMask = 2147483647;
			files = (
				BCCBE5F3298664F70060BE87 /* SwiftStoryboardUITests.swift in Sources */,
				BCCBE5F5298664F70060BE87 /* SwiftStoryboardUITestsLaunchTests.swift in Sources */,
			);
			runOnlyForDeploymentPostprocessing = 0;
		};
/* End PBXSourcesBuildPhase section */

/* Begin PBXTargetDependency section */
		BCCBE5E6298664F70060BE87 /* PBXTargetDependency */ = {
			isa = PBXTargetDependency;
			target = BCCBE5CD298664F60060BE87 /* SwiftStoryboard */;
			targetProxy = BCCBE5E5298664F70060BE87 /* PBXContainerItemProxy */;
		};
		BCCBE5F0298664F70060BE87 /* PBXTargetDependency */ = {
			isa = PBXTargetDependency;
			target = BCCBE5CD298664F60060BE87 /* SwiftStoryboard */;
			targetProxy = BCCBE5EF298664F70060BE87 /* PBXContainerItemProxy */;
		};
/* End PBXTargetDependency section */

/* Begin PBXVariantGroup section */
		BCCBE5D7298664F60060BE87 /* Main.storyboard */ = {
			isa = PBXVariantGroup;
			children = (
				BCCBE5D8298664F60060BE87 /* Base */,
			);
			name = Main.storyboard;
			sourceTree = "<group>";
		};
		BCCBE5DC298664F70060BE87 /* LaunchScreen.storyboard */ = {
			isa = PBXVariantGroup;
			children = (
				BCCBE5DD298664F70060BE87 /* Base */,
			);
			name = LaunchScreen.storyboard;
			sourceTree = "<group>";
		};
/* End PBXVariantGroup section */

/* Begin XCBuildConfiguration section */
		BCCBE5F6298664F70060BE87 /* Debug */ = {
			isa = XCBuildConfiguration;
			buildSettings = {
				ALWAYS_SEARCH_USER_PATHS = NO;
				CLANG_ANALYZER_NONNULL = YES;
				CLANG_ANALYZER_NUMBER_OBJECT_CONVERSION = YES_AGGRESSIVE;
				CLANG_CXX_LANGUAGE_STANDARD = "gnu++20";
				CLANG_ENABLE_MODULES = YES;
				CLANG_ENABLE_OBJC_ARC = YES;
				CLANG_ENABLE_OBJC_WEAK = YES;
				CLANG_WARN_BLOCK_CAPTURE_AUTORELEASING = YES;
				CLANG_WARN_BOOL_CONVERSION = YES;
				CLANG_WARN_COMMA = YES;
				CLANG_WARN_CONSTANT_CONVERSION = YES;
				CLANG_WARN_DEPRECATED_OBJC_IMPLEMENTATIONS = YES;
				CLANG_WARN_DIRECT_OBJC_ISA_USAGE = YES_ERROR;
				CLANG_WARN_DOCUMENTATION_COMMENTS = YES;
				CLANG_WARN_EMPTY_BODY = YES;
				CLANG_WARN_ENUM_CONVERSION = YES;
				CLANG_WARN_INFINITE_RECURSION = YES;
				CLANG_WARN_INT_CONVERSION = YES;
				CLANG_WARN_NON_LITERAL_NULL_CONVERSION = YES;
				CLANG_WARN_OBJC_IMPLICIT_RETAIN_SELF = YES;
				CLANG_WARN_OBJC_LITERAL_CONVERSION = YES;
				CLANG_WARN_OBJC_ROOT_CLASS = YES_ERROR;
				CLANG_WARN_QUOTED_INCLUDE_IN_FRAMEWORK_HEADER = YES;
				CLANG_WARN_RANGE_LOOP_ANALYSIS = YES;
				CLANG_WARN_STRICT_PROTOTYPES = YES;
				CLANG_WARN_SUSPICIOUS_MOVE = YES;
				CLANG_WARN_UNGUARDED_AVAILABILITY = YES_AGGRESSIVE;
				CLANG_WARN_UNREACHABLE_CODE = YES;
				CLANG_WARN__DUPLICATE_METHOD_MATCH = YES;
				COPY_PHASE_STRIP = NO;
				DEBUG_INFORMATION_FORMAT = dwarf;
				ENABLE_STRICT_OBJC_MSGSEND = YES;
				ENABLE_TESTABILITY = YES;
				GCC_C_LANGUAGE_STANDARD = gnu11;
				GCC_DYNAMIC_NO_PIC = NO;
				GCC_NO_COMMON_BLOCKS = YES;
				GCC_OPTIMIZATION_LEVEL = 0;
				GCC_PREPROCESSOR_DEFINITIONS = (
					"DEBUG=1",
					"$(inherited)",
				);
				GCC_WARN_64_TO_32_BIT_CONVERSION = YES;
				GCC_WARN_ABOUT_RETURN_TYPE = YES_ERROR;
				GCC_WARN_UNDECLARED_SELECTOR = YES;
				GCC_WARN_UNINITIALIZED_AUTOS = YES_AGGRESSIVE;
				GCC_WARN_UNUSED_FUNCTION = YES;
				GCC_WARN_UNUSED_VARIABLE = YES;
				IPHONEOS_DEPLOYMENT_TARGET = 16.2;
				MTL_ENABLE_DEBUG_INFO = INCLUDE_SOURCE;
				MTL_FAST_MATH = YES;
				ONLY_ACTIVE_ARCH = YES;
				SDKROOT = iphoneos;
				SWIFT_ACTIVE_COMPILATION_CONDITIONS = DEBUG;
				SWIFT_OPTIMIZATION_LEVEL = "-Onone";
			};
			name = Debug;
		};
		BCCBE5F7298664F70060BE87 /* Release */ = {
			isa = XCBuildConfiguration;
			buildSettings = {
				ALWAYS_SEARCH_USER_PATHS = NO;
				CLANG_ANALYZER_NONNULL = YES;
				CLANG_ANALYZER_NUMBER_OBJECT_CONVERSION = YES_AGGRESSIVE;
				CLANG_CXX_LANGUAGE_STANDARD = "gnu++20";
				CLANG_ENABLE_MODULES = YES;
				CLANG_ENABLE_OBJC_ARC = YES;
				CLANG_ENABLE_OBJC_WEAK = YES;
				CLANG_WARN_BLOCK_CAPTURE_AUTORELEASING = YES;
				CLANG_WARN_BOOL_CONVERSION = YES;
				CLANG_WARN_COMMA = YES;
				CLANG_WARN_CONSTANT_CONVERSION = YES;
				CLANG_WARN_DEPRECATED_OBJC_IMPLEMENTATIONS = YES;
				CLANG_WARN_DIRECT_OBJC_ISA_USAGE = YES_ERROR;
				CLANG_WARN_DOCUMENTATION_COMMENTS = YES;
				CLANG_WARN_EMPTY_BODY = YES;
				CLANG_WARN_ENUM_CONVERSION = YES;
				CLANG_WARN_INFINITE_RECURSION = YES;
				CLANG_WARN_INT_CONVERSION = YES;
				CLANG_WARN_NON_LITERAL_NULL_CONVERSION = YES;
				CLANG_WARN_OBJC_IMPLICIT_RETAIN_SELF = YES;
				CLANG_WARN_OBJC_LITERAL_CONVERSION = YES;
				CLANG_WARN_OBJC_ROOT_CLASS = YES_ERROR;
				CLANG_WARN_QUOTED_INCLUDE_IN_FRAMEWORK_HEADER = YES;
				CLANG_WARN_RANGE_LOOP_ANALYSIS = YES;
				CLANG_WARN_STRICT_PROTOTYPES = YES;
				CLANG_WARN_SUSPICIOUS_MOVE = YES;
				CLANG_WARN_UNGUARDED_AVAILABILITY = YES_AGGRESSIVE;
				CLANG_WARN_UNREACHABLE_CODE = YES;
				CLANG_WARN__DUPLICATE_METHOD_MATCH = YES;
				COPY_PHASE_STRIP = NO;
				DEBUG_INFORMATION_FORMAT = "dwarf-with-dsym";
				ENABLE_NS_ASSERTIONS = NO;
				ENABLE_STRICT_OBJC_MSGSEND = YES;
				GCC_C_LANGUAGE_STANDARD = gnu11;
				GCC_NO_COMMON_BLOCKS = YES;
				GCC_WARN_64_TO_32_BIT_CONVERSION = YES;
				GCC_WARN_ABOUT_RETURN_TYPE = YES_ERROR;
				GCC_WARN_UNDECLARED_SELECTOR = YES;
				GCC_WARN_UNINITIALIZED_AUTOS = YES_AGGRESSIVE;
				GCC_WARN_UNUSED_FUNCTION = YES;
				GCC_WARN_UNUSED_VARIABLE = YES;
				IPHONEOS_DEPLOYMENT_TARGET = 16.2;
				MTL_ENABLE_DEBUG_INFO = NO;
				MTL_FAST_MATH = YES;
				SDKROOT = iphoneos;
				SWIFT_COMPILATION_MODE = wholemodule;
				SWIFT_OPTIMIZATION_LEVEL = "-O";
				VALIDATE_PRODUCT = YES;
			};
			name = Release;
		};
		BCCBE5F9298664F70060BE87 /* Debug */ = {
			isa = XCBuildConfiguration;
			buildSettings = {
				ASSETCATALOG_COMPILER_APPICON_NAME = AppIcon;
				ASSETCATALOG_COMPILER_GLOBAL_ACCENT_COLOR_NAME = AccentColor;
				CODE_SIGN_STYLE = Automatic;
				CURRENT_PROJECT_VERSION = 1;
				DEVELOPMENT_TEAM = "";
				GENERATE_INFOPLIST_FILE = YES;
				INFOPLIST_FILE = SwiftStoryboard/Info.plist;
				INFOPLIST_KEY_UIApplicationSupportsIndirectInputEvents = YES;
				INFOPLIST_KEY_UILaunchStoryboardName = LaunchScreen;
				INFOPLIST_KEY_UIMainStoryboardFile = Main;
				INFOPLIST_KEY_UISupportedInterfaceOrientations_iPad = "UIInterfaceOrientationPortrait UIInterfaceOrientationPortraitUpsideDown UIInterfaceOrientationLandscapeLeft UIInterfaceOrientationLandscapeRight";
				INFOPLIST_KEY_UISupportedInterfaceOrientations_iPhone = "UIInterfaceOrientationPortrait UIInterfaceOrientationLandscapeLeft UIInterfaceOrientationLandscapeRight";
				LD_RUNPATH_SEARCH_PATHS = (
					"$(inherited)",
					"@executable_path/Frameworks",
				);
				MARKETING_VERSION = 1.0;
				PRODUCT_BUNDLE_IDENTIFIER = yourDomainHere.com.SwiftStoryboard;
				PRODUCT_NAME = "$(TARGET_NAME)";
				SWIFT_EMIT_LOC_STRINGS = YES;
				SWIFT_VERSION = 5.0;
				TARGETED_DEVICE_FAMILY = "1,2";
			};
			name = Debug;
		};
		BCCBE5FA298664F70060BE87 /* Release */ = {
			isa = XCBuildConfiguration;
			buildSettings = {
				ASSETCATALOG_COMPILER_APPICON_NAME = AppIcon;
				ASSETCATALOG_COMPILER_GLOBAL_ACCENT_COLOR_NAME = AccentColor;
				CODE_SIGN_STYLE = Automatic;
				CURRENT_PROJECT_VERSION = 1;
				DEVELOPMENT_TEAM = "";
				GENERATE_INFOPLIST_FILE = YES;
				INFOPLIST_FILE = SwiftStoryboard/Info.plist;
				INFOPLIST_KEY_UIApplicationSupportsIndirectInputEvents = YES;
				INFOPLIST_KEY_UILaunchStoryboardName = LaunchScreen;
				INFOPLIST_KEY_UIMainStoryboardFile = Main;
				INFOPLIST_KEY_UISupportedInterfaceOrientations_iPad = "UIInterfaceOrientationPortrait UIInterfaceOrientationPortraitUpsideDown UIInterfaceOrientationLandscapeLeft UIInterfaceOrientationLandscapeRight";
				INFOPLIST_KEY_UISupportedInterfaceOrientations_iPhone = "UIInterfaceOrientationPortrait UIInterfaceOrientationLandscapeLeft UIInterfaceOrientationLandscapeRight";
				LD_RUNPATH_SEARCH_PATHS = (
					"$(inherited)",
					"@executable_path/Frameworks",
				);
				MARKETING_VERSION = 1.0;
				PRODUCT_BUNDLE_IDENTIFIER = yourDomainHere.com.SwiftStoryboard;
				PRODUCT_NAME = "$(TARGET_NAME)";
				SWIFT_EMIT_LOC_STRINGS = YES;
				SWIFT_VERSION = 5.0;
				TARGETED_DEVICE_FAMILY = "1,2";
			};
			name = Release;
		};
		BCCBE5FC298664F70060BE87 /* Debug */ = {
			isa = XCBuildConfiguration;
			buildSettings = {
				ALWAYS_EMBED_SWIFT_STANDARD_LIBRARIES = YES;
				BUNDLE_LOADER = "$(TEST_HOST)";
				CODE_SIGN_STYLE = Automatic;
				CURRENT_PROJECT_VERSION = 1;
				DEVELOPMENT_TEAM = DEZ9GH9THT;
				GENERATE_INFOPLIST_FILE = YES;
				IPHONEOS_DEPLOYMENT_TARGET = 16.2;
				MARKETING_VERSION = 1.0;
				PRODUCT_BUNDLE_IDENTIFIER = microit.us.SwiftStoryboardTests;
				PRODUCT_NAME = "$(TARGET_NAME)";
				SWIFT_EMIT_LOC_STRINGS = NO;
				SWIFT_VERSION = 5.0;
				TARGETED_DEVICE_FAMILY = "1,2";
				TEST_HOST = "$(BUILT_PRODUCTS_DIR)/SwiftStoryboard.app/$(BUNDLE_EXECUTABLE_FOLDER_PATH)/SwiftStoryboard";
			};
			name = Debug;
		};
		BCCBE5FD298664F70060BE87 /* Release */ = {
			isa = XCBuildConfiguration;
			buildSettings = {
				ALWAYS_EMBED_SWIFT_STANDARD_LIBRARIES = YES;
				BUNDLE_LOADER = "$(TEST_HOST)";
				CODE_SIGN_STYLE = Automatic;
				CURRENT_PROJECT_VERSION = 1;
				DEVELOPMENT_TEAM = DEZ9GH9THT;
				GENERATE_INFOPLIST_FILE = YES;
				IPHONEOS_DEPLOYMENT_TARGET = 16.2;
				MARKETING_VERSION = 1.0;
				PRODUCT_BUNDLE_IDENTIFIER = microit.us.SwiftStoryboardTests;
				PRODUCT_NAME = "$(TARGET_NAME)";
				SWIFT_EMIT_LOC_STRINGS = NO;
				SWIFT_VERSION = 5.0;
				TARGETED_DEVICE_FAMILY = "1,2";
				TEST_HOST = "$(BUILT_PRODUCTS_DIR)/SwiftStoryboard.app/$(BUNDLE_EXECUTABLE_FOLDER_PATH)/SwiftStoryboard";
			};
			name = Release;
		};
		BCCBE5FF298664F70060BE87 /* Debug */ = {
			isa = XCBuildConfiguration;
			buildSettings = {
				ALWAYS_EMBED_SWIFT_STANDARD_LIBRARIES = YES;
				CODE_SIGN_STYLE = Automatic;
				CURRENT_PROJECT_VERSION = 1;
				DEVELOPMENT_TEAM = DEZ9GH9THT;
				GENERATE_INFOPLIST_FILE = YES;
				MARKETING_VERSION = 1.0;
				PRODUCT_BUNDLE_IDENTIFIER = microit.us.SwiftStoryboardUITests;
				PRODUCT_NAME = "$(TARGET_NAME)";
				SWIFT_EMIT_LOC_STRINGS = NO;
				SWIFT_VERSION = 5.0;
				TARGETED_DEVICE_FAMILY = "1,2";
				TEST_TARGET_NAME = SwiftStoryboard;
			};
			name = Debug;
		};
		BCCBE600298664F70060BE87 /* Release */ = {
			isa = XCBuildConfiguration;
			buildSettings = {
				ALWAYS_EMBED_SWIFT_STANDARD_LIBRARIES = YES;
				CODE_SIGN_STYLE = Automatic;
				CURRENT_PROJECT_VERSION = 1;
				DEVELOPMENT_TEAM = DEZ9GH9THT;
				GENERATE_INFOPLIST_FILE = YES;
				MARKETING_VERSION = 1.0;
				PRODUCT_BUNDLE_IDENTIFIER = microit.us.SwiftStoryboardUITests;
				PRODUCT_NAME = "$(TARGET_NAME)";
				SWIFT_EMIT_LOC_STRINGS = NO;
				SWIFT_VERSION = 5.0;
				TARGETED_DEVICE_FAMILY = "1,2";
				TEST_TARGET_NAME = SwiftStoryboard;
			};
			name = Release;
		};
/* End XCBuildConfiguration section */

/* Begin XCConfigurationList section */
		BCCBE5C9298664F60060BE87 /* Build configuration list for PBXProject "SwiftStoryboard" */ = {
			isa = XCConfigurationList;
			buildConfigurations = (
				BCCBE5F6298664F70060BE87 /* Debug */,
				BCCBE5F7298664F70060BE87 /* Release */,
			);
			defaultConfigurationIsVisible = 0;
			defaultConfigurationName = Release;
		};
		BCCBE5F8298664F70060BE87 /* Build configuration list for PBXNativeTarget "SwiftStoryboard" */ = {
			isa = XCConfigurationList;
			buildConfigurations = (
				BCCBE5F9298664F70060BE87 /* Debug */,
				BCCBE5FA298664F70060BE87 /* Release */,
			);
			defaultConfigurationIsVisible = 0;
			defaultConfigurationName = Release;
		};
		BCCBE5FB298664F70060BE87 /* Build configuration list for PBXNativeTarget "SwiftStoryboardTests" */ = {
			isa = XCConfigurationList;
			buildConfigurations = (
				BCCBE5FC298664F70060BE87 /* Debug */,
				BCCBE5FD298664F70060BE87 /* Release */,
			);
			defaultConfigurationIsVisible = 0;
			defaultConfigurationName = Release;
		};
		BCCBE5FE298664F70060BE87 /* Build configuration list for PBXNativeTarget "SwiftStoryboardUITests" */ = {
			isa = XCConfigurationList;
			buildConfigurations = (
				BCCBE5FF298664F70060BE87 /* Debug */,
				BCCBE600298664F70060BE87 /* Release */,
			);
			defaultConfigurationIsVisible = 0;
			defaultConfigurationName = Release;
		};
/* End XCConfigurationList section */
	};
	rootObject = BCCBE5C6298664F60060BE87 /* Project object */;
}
